
Microsoft Visual Studio Solution File, Format Version 12.00
# Visual Studio Version 17
VisualStudioVersion = 17.8.34408.163
MinimumVisualStudioVersion = 10.0.40219.1
Project("{FAE04EC0-301F-11D3-BF4B-00C04F79EFBC}") = "ModuleThree", "ModuleThree\ModuleThree.csproj", "{9DAEABC9-59F7-4DE4-9284-971F04A4E999}"
EndProject
Global
	GlobalSection(SolutionConfigurationPlatforms) = preSolution
		Debug|Any CPU = Debug|Any CPU
		Release|Any CPU = Release|Any CPU
	EndGlobalSection
	GlobalSection(ProjectConfigurationPlatforms) = postSolution
		{9DAEABC9-59F7-4DE4-9284-971F04A4E999}.Debug|Any CPU.ActiveCfg = Debug|Any CPU
		{9DAEABC9-59F7-4DE4-9284-971F04A4E999}.Debug|Any CPU.Build.0 = Debug|Any CPU
		{9DAEABC9-59F7-4DE4-9284-971F04A4E999}.Release|Any CPU.ActiveCfg = Release|Any CPU
		{9DAEABC9-59F7-4DE4-9284-971F04A4E999}.Release|Any CPU.Build.0 = Release|Any CPU
	EndGlobalSection
	GlobalSection(SolutionProperties) = preSolution
		HideSolutionNode = FALSE
	EndGlobalSection
	GlobalSection(ExtensibilityGlobals) = postSolution
		SolutionGuid = {03664814-AB33-4B6E-A137-7B114243E0B2}
	EndGlobalSection
EndGlobal
