
Microsoft Visual Studio Solution File, Format Version 12.00
# Visual Studio Version 17
VisualStudioVersion = 17.7.34202.233
MinimumVisualStudioVersion = 10.0.40219.1
Project("{FAE04EC0-301F-11D3-BF4B-00C04F79EFBC}") = "TestDocker", "TestDocker\TestDocker.csproj", "{1791942E-0386-4CC0-B5C9-22A3C91A2EC6}"
EndProject
Global
	GlobalSection(SolutionConfigurationPlatforms) = preSolution
		Debug|Any CPU = Debug|Any CPU
		Release|Any CPU = Release|Any CPU
	EndGlobalSection
	GlobalSection(ProjectConfigurationPlatforms) = postSolution
		{1791942E-0386-4CC0-B5C9-22A3C91A2EC6}.Debug|Any CPU.ActiveCfg = Debug|Any CPU
		{1791942E-0386-4CC0-B5C9-22A3C91A2EC6}.Debug|Any CPU.Build.0 = Debug|Any CPU
		{1791942E-0386-4CC0-B5C9-22A3C91A2EC6}.Release|Any CPU.ActiveCfg = Release|Any CPU
		{1791942E-0386-4CC0-B5C9-22A3C91A2EC6}.Release|Any CPU.Build.0 = Release|Any CPU
	EndGlobalSection
	GlobalSection(SolutionProperties) = preSolution
		HideSolutionNode = FALSE
	EndGlobalSection
	GlobalSection(ExtensibilityGlobals) = postSolution
		SolutionGuid = {2721DD96-1532-45C7-BABC-4D8B7F6A8E36}
	EndGlobalSection
EndGlobal
