
Microsoft Visual Studio Solution File, Format Version 12.00
# Visual Studio Version 17
VisualStudioVersion = 17.7.34003.232
MinimumVisualStudioVersion = 10.0.40219.1
Project("{FAE04EC0-301F-11D3-BF4B-00C04F79EFBC}") = "Module_1", "Module_1\Module_1.csproj", "{35186A0B-F1B0-44BA-ADD7-48D9498F72C8}"
EndProject
Global
	GlobalSection(SolutionConfigurationPlatforms) = preSolution
		Debug|Any CPU = Debug|Any CPU
		Release|Any CPU = Release|Any CPU
	EndGlobalSection
	GlobalSection(ProjectConfigurationPlatforms) = postSolution
		{35186A0B-F1B0-44BA-ADD7-48D9498F72C8}.Debug|Any CPU.ActiveCfg = Debug|Any CPU
		{35186A0B-F1B0-44BA-ADD7-48D9498F72C8}.Debug|Any CPU.Build.0 = Debug|Any CPU
		{35186A0B-F1B0-44BA-ADD7-48D9498F72C8}.Release|Any CPU.ActiveCfg = Release|Any CPU
		{35186A0B-F1B0-44BA-ADD7-48D9498F72C8}.Release|Any CPU.Build.0 = Release|Any CPU
	EndGlobalSection
	GlobalSection(SolutionProperties) = preSolution
		HideSolutionNode = FALSE
	EndGlobalSection
	GlobalSection(ExtensibilityGlobals) = postSolution
		SolutionGuid = {B615A24B-56D5-46B3-89A6-A58BF256CC8C}
	EndGlobalSection
EndGlobal
