
Microsoft Visual Studio Solution File, Format Version 12.00
# Visual Studio Version 17
VisualStudioVersion = 17.8.34408.163
MinimumVisualStudioVersion = 10.0.40219.1
Project("{FAE04EC0-301F-11D3-BF4B-00C04F79EFBC}") = "AlgorithmsHW", "AlgorithmsHW\AlgorithmsHW.csproj", "{A20F81BD-03B5-475B-BB12-A33963DF0E5B}"
EndProject
Global
	GlobalSection(SolutionConfigurationPlatforms) = preSolution
		Debug|Any CPU = Debug|Any CPU
		Release|Any CPU = Release|Any CPU
	EndGlobalSection
	GlobalSection(ProjectConfigurationPlatforms) = postSolution
		{A20F81BD-03B5-475B-BB12-A33963DF0E5B}.Debug|Any CPU.ActiveCfg = Debug|Any CPU
		{A20F81BD-03B5-475B-BB12-A33963DF0E5B}.Debug|Any CPU.Build.0 = Debug|Any CPU
		{A20F81BD-03B5-475B-BB12-A33963DF0E5B}.Release|Any CPU.ActiveCfg = Release|Any CPU
		{A20F81BD-03B5-475B-BB12-A33963DF0E5B}.Release|Any CPU.Build.0 = Release|Any CPU
	EndGlobalSection
	GlobalSection(SolutionProperties) = preSolution
		HideSolutionNode = FALSE
	EndGlobalSection
	GlobalSection(ExtensibilityGlobals) = postSolution
		SolutionGuid = {105A1DE3-4631-4A8C-8DAA-3406BB7E73AC}
	EndGlobalSection
EndGlobal
